// !$*UTF8*$!
{
	archiveVersion = 1;
	classes = {
	};
	objectVersion = 56;
	objects = {

/* Begin PBXBuildFile section */
		4B08601C29ED465B00AA32C0 /* EverythingiPhoneFrenchNewsMockData.json in Resources */ = {isa = PBXBuildFile; fileRef = 4B08601B29ED465B00AA32C0 /* EverythingiPhoneFrenchNewsMockData.json */; };
		4B08601D29ED465F00AA32C0 /* EverythingiPhoneFrenchNewsMockData.json in Resources */ = {isa = PBXBuildFile; fileRef = 4B08601B29ED465B00AA32C0 /* EverythingiPhoneFrenchNewsMockData.json */; };
		4B08601F29ED49AC00AA32C0 /* SuperNewsNetworkAPIService.swift in Sources */ = {isa = PBXBuildFile; fileRef = 4B08601E29ED49AC00AA32C0 /* SuperNewsNetworkAPIService.swift */; };
		4B08602129ED4D3300AA32C0 /* SuperNewsAPIEndpoint.swift in Sources */ = {isa = PBXBuildFile; fileRef = 4B08602029ED4D3300AA32C0 /* SuperNewsAPIEndpoint.swift */; };
		4B08602329ED503300AA32C0 /* apiKey.plist in Resources */ = {isa = PBXBuildFile; fileRef = 4B08602229ED503300AA32C0 /* apiKey.plist */; };
		4B08602729ED7C1C00AA32C0 /* Coordinator.swift in Sources */ = {isa = PBXBuildFile; fileRef = 4B08602629ED7C1C00AA32C0 /* Coordinator.swift */; };
		4B08602929ED7CAC00AA32C0 /* AppCoordinator.swift in Sources */ = {isa = PBXBuildFile; fileRef = 4B08602829ED7CAC00AA32C0 /* AppCoordinator.swift */; };
		4B08602B29ED7FE900AA32C0 /* SearchViewController.swift in Sources */ = {isa = PBXBuildFile; fileRef = 4B08602A29ED7FE900AA32C0 /* SearchViewController.swift */; };
		4B08602D29ED805900AA32C0 /* HomeCoordinator.swift in Sources */ = {isa = PBXBuildFile; fileRef = 4B08602C29ED805900AA32C0 /* HomeCoordinator.swift */; };
		4B08602F29ED836600AA32C0 /* SearchCoordinator.swift in Sources */ = {isa = PBXBuildFile; fileRef = 4B08602E29ED836600AA32C0 /* SearchCoordinator.swift */; };
		4B08603229ED884600AA32C0 /* GradientTabBarController.swift in Sources */ = {isa = PBXBuildFile; fileRef = 4B08603129ED884600AA32C0 /* GradientTabBarController.swift */; };
		4B2DBB7929FA857B00996760 /* BusinessTopHeadlinesMockData.json in Resources */ = {isa = PBXBuildFile; fileRef = 4B2DBB7829FA857B00996760 /* BusinessTopHeadlinesMockData.json */; };
		4B2DBB7B29FA858F00996760 /* HealthTopHeadlinesMockData.json in Resources */ = {isa = PBXBuildFile; fileRef = 4B2DBB7A29FA858F00996760 /* HealthTopHeadlinesMockData.json */; };
		4B2DBB7D29FA85B500996760 /* TechnologyTopHeadlinesMockData.json in Resources */ = {isa = PBXBuildFile; fileRef = 4B2DBB7C29FA85B500996760 /* TechnologyTopHeadlinesMockData.json */; };
		4B2DBB7F29FA85DB00996760 /* EntertainmentTopHeadlinesMockData.json in Resources */ = {isa = PBXBuildFile; fileRef = 4B2DBB7E29FA85DB00996760 /* EntertainmentTopHeadlinesMockData.json */; };
		4B306F6029F684B9009AA92D /* SuperNewsAPIEndpointTests.swift in Sources */ = {isa = PBXBuildFile; fileRef = 4B306F5F29F684B9009AA92D /* SuperNewsAPIEndpointTests.swift */; };
		4B306F6529F68EE3009AA92D /* ArticleDTO.swift in Sources */ = {isa = PBXBuildFile; fileRef = 4B306F6429F68EE3009AA92D /* ArticleDTO.swift */; };
		4B306F6729F68F17009AA92D /* SourceDTO.swift in Sources */ = {isa = PBXBuildFile; fileRef = 4B306F6629F68F17009AA92D /* SourceDTO.swift */; };
		4B306F6E29F6CE4C009AA92D /* SuperNewsRepository.swift in Sources */ = {isa = PBXBuildFile; fileRef = 4B306F6D29F6CE4C009AA92D /* SuperNewsRepository.swift */; };
		4B306F7029F6CF54009AA92D /* TopHeadlinesUseCase.swift in Sources */ = {isa = PBXBuildFile; fileRef = 4B306F6F29F6CF54009AA92D /* TopHeadlinesUseCase.swift */; };
		4B306F7429F6D480009AA92D /* UseCasesProtocols.swift in Sources */ = {isa = PBXBuildFile; fileRef = 4B306F7329F6D480009AA92D /* UseCasesProtocols.swift */; };
		4B306F7629F6DC1C009AA92D /* SuperNewsDTOTests.swift in Sources */ = {isa = PBXBuildFile; fileRef = 4B306F7529F6DC1C009AA92D /* SuperNewsDTOTests.swift */; };
		4B306F7829F6DF0F009AA92D /* HomeViewModel.swift in Sources */ = {isa = PBXBuildFile; fileRef = 4B306F7729F6DF0F009AA92D /* HomeViewModel.swift */; };
		4B306F7A29F6F172009AA92D /* SuperNewsDataRepository.swift in Sources */ = {isa = PBXBuildFile; fileRef = 4B306F7929F6F172009AA92D /* SuperNewsDataRepository.swift */; };
		4B306F7C29F6FA1F009AA92D /* NewsCellViewModel.swift in Sources */ = {isa = PBXBuildFile; fileRef = 4B306F7B29F6FA1F009AA92D /* NewsCellViewModel.swift */; };
		4B306F7E29F7081C009AA92D /* NewsTableViewCell.swift in Sources */ = {isa = PBXBuildFile; fileRef = 4B306F7D29F7081C009AA92D /* NewsTableViewCell.swift */; };
		4B306F8029F70F37009AA92D /* ImageLoader.swift in Sources */ = {isa = PBXBuildFile; fileRef = 4B306F7F29F70F37009AA92D /* ImageLoader.swift */; };
		4B3551AF29F95D3C0047CEDB /* CategoryCellViewModel.swift in Sources */ = {isa = PBXBuildFile; fileRef = 4B3551AE29F95D3C0047CEDB /* CategoryCellViewModel.swift */; };
		4B36C0F429F80114009FCBC1 /* SuperNewsMockDataAPIService.swift in Sources */ = {isa = PBXBuildFile; fileRef = 4BC3D0F329EB19DD00EAD942 /* SuperNewsMockDataAPIService.swift */; };
		4B64685029E6E4AB00F35682 /* EverythingArticleOutputMockData.json in Resources */ = {isa = PBXBuildFile; fileRef = 4B64684F29E6E4AB00F35682 /* EverythingArticleOutputMockData.json */; };
		4B64685129E6E4AB00F35682 /* EverythingArticleOutputMockData.json in Resources */ = {isa = PBXBuildFile; fileRef = 4B64684F29E6E4AB00F35682 /* EverythingArticleOutputMockData.json */; };
		4B64685529E6ED1F00F35682 /* Kingfisher in Frameworks */ = {isa = PBXBuildFile; productRef = 4B64685429E6ED1F00F35682 /* Kingfisher */; };
		4B64685829E6ED7200F35682 /* Alamofire in Frameworks */ = {isa = PBXBuildFile; productRef = 4B64685729E6ED7200F35682 /* Alamofire */; };
		4B64685B29E6EDF700F35682 /* SnapKit in Frameworks */ = {isa = PBXBuildFile; productRef = 4B64685A29E6EDF700F35682 /* SnapKit */; };
		4B64685F29E6F0F500F35682 /* SuperNewsDataAPIService.swift in Sources */ = {isa = PBXBuildFile; fileRef = 4B64685E29E6F0F500F35682 /* SuperNewsDataAPIService.swift */; };
		4B64686129E6F15600F35682 /* SuperNewsAPIError.swift in Sources */ = {isa = PBXBuildFile; fileRef = 4B64686029E6F15600F35682 /* SuperNewsAPIError.swift */; };
		4B676DA429F95583003C5CE1 /* CategoryCollectionViewCell.swift in Sources */ = {isa = PBXBuildFile; fileRef = 4B676DA329F95583003C5CE1 /* CategoryCollectionViewCell.swift */; };
		4B73F60229EC713F00CD412C /* AllSourcesMockData.json in Resources */ = {isa = PBXBuildFile; fileRef = 4B73F60129EC713F00CD412C /* AllSourcesMockData.json */; };
		4B73F60629EC71A900CD412C /* TechnologySourcesMockData.json in Resources */ = {isa = PBXBuildFile; fileRef = 4B73F60529EC71A900CD412C /* TechnologySourcesMockData.json */; };
		4B73F60829EC71DC00CD412C /* FranceSourcesMockData.json in Resources */ = {isa = PBXBuildFile; fileRef = 4B73F60729EC71DC00CD412C /* FranceSourcesMockData.json */; };
		4B73F60C29EC731100CD412C /* AllSourcesMockData.json in Resources */ = {isa = PBXBuildFile; fileRef = 4B73F60129EC713F00CD412C /* AllSourcesMockData.json */; };
		4B73F60D29EC731400CD412C /* FranceSourcesMockData.json in Resources */ = {isa = PBXBuildFile; fileRef = 4B73F60729EC71DC00CD412C /* FranceSourcesMockData.json */; };
		4B73F60E29EC731600CD412C /* TechnologySourcesMockData.json in Resources */ = {isa = PBXBuildFile; fileRef = 4B73F60529EC71A900CD412C /* TechnologySourcesMockData.json */; };
		4B73F61129ECA59900CD412C /* EnglishSourcesMockData.json in Resources */ = {isa = PBXBuildFile; fileRef = 4B73F61029ECA59900CD412C /* EnglishSourcesMockData.json */; };
		4B73F61229ECA8DF00CD412C /* EnglishSourcesMockData.json in Resources */ = {isa = PBXBuildFile; fileRef = 4B73F61029ECA59900CD412C /* EnglishSourcesMockData.json */; };
		4B73F61429ECA94500CD412C /* FrenchTopHeadlinesMockData.json in Resources */ = {isa = PBXBuildFile; fileRef = 4B73F61329ECA94500CD412C /* FrenchTopHeadlinesMockData.json */; };
		4B73F61629ECAA2500CD412C /* SportsTopHeadlinesMockData.json in Resources */ = {isa = PBXBuildFile; fileRef = 4B73F61529ECAA2500CD412C /* SportsTopHeadlinesMockData.json */; };
		4B73F61729ECAA2900CD412C /* SportsTopHeadlinesMockData.json in Resources */ = {isa = PBXBuildFile; fileRef = 4B73F61529ECAA2500CD412C /* SportsTopHeadlinesMockData.json */; };
		4B73F61829ECAA2C00CD412C /* FrenchTopHeadlinesMockData.json in Resources */ = {isa = PBXBuildFile; fileRef = 4B73F61329ECA94500CD412C /* FrenchTopHeadlinesMockData.json */; };
		4B73F61C29ECAAEE00CD412C /* SourcesTopHeadlinesMockData.json in Resources */ = {isa = PBXBuildFile; fileRef = 4B73F61B29ECAAEE00CD412C /* SourcesTopHeadlinesMockData.json */; };
		4B73F61D29ECAC3B00CD412C /* SourcesTopHeadlinesMockData.json in Resources */ = {isa = PBXBuildFile; fileRef = 4B73F61B29ECAAEE00CD412C /* SourcesTopHeadlinesMockData.json */; };
		4B82596129F80B33003CB627 /* ModuleBuilder.swift in Sources */ = {isa = PBXBuildFile; fileRef = 4B82596029F80B33003CB627 /* ModuleBuilder.swift */; };
		4B82596329F80B82003CB627 /* HomeModuleBuilder.swift in Sources */ = {isa = PBXBuildFile; fileRef = 4B82596229F80B82003CB627 /* HomeModuleBuilder.swift */; };
		4B82596629F8104C003CB627 /* SuperNewsBuilderTests.swift in Sources */ = {isa = PBXBuildFile; fileRef = 4B82596529F8104C003CB627 /* SuperNewsBuilderTests.swift */; };
		4B82596929F81FDE003CB627 /* ShadowUILabel.swift in Sources */ = {isa = PBXBuildFile; fileRef = 4B82596829F81FDE003CB627 /* ShadowUILabel.swift */; };
		4B8AC85C29EDB79D00BAE418 /* SuperNewsCoordinatorTests.swift in Sources */ = {isa = PBXBuildFile; fileRef = 4B8AC85B29EDB79D00BAE418 /* SuperNewsCoordinatorTests.swift */; };
		4B9E901229ED929C006E541F /* UIViewControllerPreview.swift in Sources */ = {isa = PBXBuildFile; fileRef = 4B9E901129ED929C006E541F /* UIViewControllerPreview.swift */; };
		4B9E901429ED92A4006E541F /* UIViewPreview.swift in Sources */ = {isa = PBXBuildFile; fileRef = 4B9E901329ED92A4006E541F /* UIViewPreview.swift */; };
		4BA595B729E6D506006B9460 /* SuperNewsV2UIKitTests.swift in Sources */ = {isa = PBXBuildFile; fileRef = 4BA595B629E6D506006B9460 /* SuperNewsV2UIKitTests.swift */; };
		4BA595C429E6D6F8006B9460 /* SuperNewsModelTests.swift in Sources */ = {isa = PBXBuildFile; fileRef = 4BA595C329E6D6F8006B9460 /* SuperNewsModelTests.swift */; };
		4BA595C729E6DF08006B9460 /* Article.swift in Sources */ = {isa = PBXBuildFile; fileRef = 4BA595C629E6DF08006B9460 /* Article.swift */; };
		4BC3D0F129EB18FA00EAD942 /* SuperNewsDataAPITests.swift in Sources */ = {isa = PBXBuildFile; fileRef = 4BC3D0F029EB18FA00EAD942 /* SuperNewsDataAPITests.swift */; };
		4BC3D0F629EB1CA900EAD942 /* SuperNewsDataAPIServiceTestCaller.swift in Sources */ = {isa = PBXBuildFile; fileRef = 4BC3D0F529EB1CA900EAD942 /* SuperNewsDataAPIServiceTestCaller.swift */; };
		4BD88CB229E6BAAD000369DE /* AppDelegate.swift in Sources */ = {isa = PBXBuildFile; fileRef = 4BD88CB129E6BAAD000369DE /* AppDelegate.swift */; };
		4BD88CB429E6BAAD000369DE /* SceneDelegate.swift in Sources */ = {isa = PBXBuildFile; fileRef = 4BD88CB329E6BAAD000369DE /* SceneDelegate.swift */; };
		4BD88CB629E6BAAD000369DE /* HomeViewController.swift in Sources */ = {isa = PBXBuildFile; fileRef = 4BD88CB529E6BAAD000369DE /* HomeViewController.swift */; };
		4BD88CBB29E6BAAF000369DE /* Assets.xcassets in Resources */ = {isa = PBXBuildFile; fileRef = 4BD88CBA29E6BAAF000369DE /* Assets.xcassets */; };
		4BD88CBE29E6BAAF000369DE /* LaunchScreen.storyboard in Resources */ = {isa = PBXBuildFile; fileRef = 4BD88CBC29E6BAAF000369DE /* LaunchScreen.storyboard */; };
		4BD88CE329E6CDED000369DE /* MediaSource.swift in Sources */ = {isa = PBXBuildFile; fileRef = 4BD88CE229E6CDED000369DE /* MediaSource.swift */; };
		4BF6375E29FC84DE00AC469F /* GeneralTopHeadlinesMockData.json in Resources */ = {isa = PBXBuildFile; fileRef = 4BF6375C29FC836C00AC469F /* GeneralTopHeadlinesMockData.json */; };
		4BF6375F29FC84DF00AC469F /* GeneralTopHeadlinesMockData.json in Resources */ = {isa = PBXBuildFile; fileRef = 4BF6375C29FC836C00AC469F /* GeneralTopHeadlinesMockData.json */; };
		4BF6376029FC84E300AC469F /* EntertainmentTopHeadlinesMockData.json in Resources */ = {isa = PBXBuildFile; fileRef = 4B2DBB7E29FA85DB00996760 /* EntertainmentTopHeadlinesMockData.json */; };
		4BF6376129FC84E600AC469F /* TechnologyTopHeadlinesMockData.json in Resources */ = {isa = PBXBuildFile; fileRef = 4B2DBB7C29FA85B500996760 /* TechnologyTopHeadlinesMockData.json */; };
		4BF6376229FC84E900AC469F /* HealthTopHeadlinesMockData.json in Resources */ = {isa = PBXBuildFile; fileRef = 4B2DBB7A29FA858F00996760 /* HealthTopHeadlinesMockData.json */; };
		4BF6376329FC84EC00AC469F /* BusinessTopHeadlinesMockData.json in Resources */ = {isa = PBXBuildFile; fileRef = 4B2DBB7829FA857B00996760 /* BusinessTopHeadlinesMockData.json */; };
		4BF6376829FC856500AC469F /* ScienceTopHeadlinesMockData.json in Resources */ = {isa = PBXBuildFile; fileRef = 4BF6376729FC856500AC469F /* ScienceTopHeadlinesMockData.json */; };
		4BF6376929FC856500AC469F /* ScienceTopHeadlinesMockData.json in Resources */ = {isa = PBXBuildFile; fileRef = 4BF6376729FC856500AC469F /* ScienceTopHeadlinesMockData.json */; };
		4BF6376B29FC864500AC469F /* TopHeadlinesOption.swift in Sources */ = {isa = PBXBuildFile; fileRef = 4BF6376A29FC864500AC469F /* TopHeadlinesOption.swift */; };
		4BF6376D29FC87D700AC469F /* ArticleViewModel.swift in Sources */ = {isa = PBXBuildFile; fileRef = 4BF6376C29FC87D700AC469F /* ArticleViewModel.swift */; };
		4BF6377029FC889F00AC469F /* StringToDate.swift in Sources */ = {isa = PBXBuildFile; fileRef = 4BF6376F29FC889F00AC469F /* StringToDate.swift */; };
/* End PBXBuildFile section */

/* Begin PBXContainerItemProxy section */
		4BA595B829E6D506006B9460 /* PBXContainerItemProxy */ = {
			isa = PBXContainerItemProxy;
			containerPortal = 4BD88CA629E6BAAD000369DE /* Project object */;
			proxyType = 1;
			remoteGlobalIDString = 4BD88CAD29E6BAAD000369DE;
			remoteInfo = SuperNewsV2UIKit;
		};
/* End PBXContainerItemProxy section */

/* Begin PBXFileReference section */
		4B08601B29ED465B00AA32C0 /* EverythingiPhoneFrenchNewsMockData.json */ = {isa = PBXFileReference; lastKnownFileType = text.json; path = EverythingiPhoneFrenchNewsMockData.json; sourceTree = "<group>"; };
		4B08601E29ED49AC00AA32C0 /* SuperNewsNetworkAPIService.swift */ = {isa = PBXFileReference; lastKnownFileType = sourcecode.swift; path = SuperNewsNetworkAPIService.swift; sourceTree = "<group>"; };
		4B08602029ED4D3300AA32C0 /* SuperNewsAPIEndpoint.swift */ = {isa = PBXFileReference; lastKnownFileType = sourcecode.swift; path = SuperNewsAPIEndpoint.swift; sourceTree = "<group>"; };
		4B08602229ED503300AA32C0 /* apiKey.plist */ = {isa = PBXFileReference; lastKnownFileType = text.plist.xml; path = apiKey.plist; sourceTree = "<group>"; };
		4B08602629ED7C1C00AA32C0 /* Coordinator.swift */ = {isa = PBXFileReference; lastKnownFileType = sourcecode.swift; path = Coordinator.swift; sourceTree = "<group>"; };
		4B08602829ED7CAC00AA32C0 /* AppCoordinator.swift */ = {isa = PBXFileReference; lastKnownFileType = sourcecode.swift; path = AppCoordinator.swift; sourceTree = "<group>"; };
		4B08602A29ED7FE900AA32C0 /* SearchViewController.swift */ = {isa = PBXFileReference; lastKnownFileType = sourcecode.swift; path = SearchViewController.swift; sourceTree = "<group>"; };
		4B08602C29ED805900AA32C0 /* HomeCoordinator.swift */ = {isa = PBXFileReference; lastKnownFileType = sourcecode.swift; path = HomeCoordinator.swift; sourceTree = "<group>"; };
		4B08602E29ED836600AA32C0 /* SearchCoordinator.swift */ = {isa = PBXFileReference; lastKnownFileType = sourcecode.swift; path = SearchCoordinator.swift; sourceTree = "<group>"; };
		4B08603129ED884600AA32C0 /* GradientTabBarController.swift */ = {isa = PBXFileReference; lastKnownFileType = sourcecode.swift; path = GradientTabBarController.swift; sourceTree = "<group>"; };
		4B2DBB7829FA857B00996760 /* BusinessTopHeadlinesMockData.json */ = {isa = PBXFileReference; lastKnownFileType = text.json; path = BusinessTopHeadlinesMockData.json; sourceTree = "<group>"; };
		4B2DBB7A29FA858F00996760 /* HealthTopHeadlinesMockData.json */ = {isa = PBXFileReference; lastKnownFileType = text.json; path = HealthTopHeadlinesMockData.json; sourceTree = "<group>"; };
		4B2DBB7C29FA85B500996760 /* TechnologyTopHeadlinesMockData.json */ = {isa = PBXFileReference; lastKnownFileType = text.json; path = TechnologyTopHeadlinesMockData.json; sourceTree = "<group>"; };
		4B2DBB7E29FA85DB00996760 /* EntertainmentTopHeadlinesMockData.json */ = {isa = PBXFileReference; lastKnownFileType = text.json; path = EntertainmentTopHeadlinesMockData.json; sourceTree = "<group>"; };
		4B306F5F29F684B9009AA92D /* SuperNewsAPIEndpointTests.swift */ = {isa = PBXFileReference; lastKnownFileType = sourcecode.swift; path = SuperNewsAPIEndpointTests.swift; sourceTree = "<group>"; };
		4B306F6429F68EE3009AA92D /* ArticleDTO.swift */ = {isa = PBXFileReference; lastKnownFileType = sourcecode.swift; path = ArticleDTO.swift; sourceTree = "<group>"; };
		4B306F6629F68F17009AA92D /* SourceDTO.swift */ = {isa = PBXFileReference; lastKnownFileType = sourcecode.swift; path = SourceDTO.swift; sourceTree = "<group>"; };
		4B306F6D29F6CE4C009AA92D /* SuperNewsRepository.swift */ = {isa = PBXFileReference; lastKnownFileType = sourcecode.swift; path = SuperNewsRepository.swift; sourceTree = "<group>"; };
		4B306F6F29F6CF54009AA92D /* TopHeadlinesUseCase.swift */ = {isa = PBXFileReference; lastKnownFileType = sourcecode.swift; path = TopHeadlinesUseCase.swift; sourceTree = "<group>"; };
		4B306F7329F6D480009AA92D /* UseCasesProtocols.swift */ = {isa = PBXFileReference; lastKnownFileType = sourcecode.swift; path = UseCasesProtocols.swift; sourceTree = "<group>"; };
		4B306F7529F6DC1C009AA92D /* SuperNewsDTOTests.swift */ = {isa = PBXFileReference; lastKnownFileType = sourcecode.swift; path = SuperNewsDTOTests.swift; sourceTree = "<group>"; };
		4B306F7729F6DF0F009AA92D /* HomeViewModel.swift */ = {isa = PBXFileReference; lastKnownFileType = sourcecode.swift; path = HomeViewModel.swift; sourceTree = "<group>"; };
		4B306F7929F6F172009AA92D /* SuperNewsDataRepository.swift */ = {isa = PBXFileReference; lastKnownFileType = sourcecode.swift; path = SuperNewsDataRepository.swift; sourceTree = "<group>"; };
		4B306F7B29F6FA1F009AA92D /* NewsCellViewModel.swift */ = {isa = PBXFileReference; lastKnownFileType = sourcecode.swift; path = NewsCellViewModel.swift; sourceTree = "<group>"; };
		4B306F7D29F7081C009AA92D /* NewsTableViewCell.swift */ = {isa = PBXFileReference; lastKnownFileType = sourcecode.swift; path = NewsTableViewCell.swift; sourceTree = "<group>"; };
		4B306F7F29F70F37009AA92D /* ImageLoader.swift */ = {isa = PBXFileReference; lastKnownFileType = sourcecode.swift; path = ImageLoader.swift; sourceTree = "<group>"; };
		4B3551AE29F95D3C0047CEDB /* CategoryCellViewModel.swift */ = {isa = PBXFileReference; lastKnownFileType = sourcecode.swift; path = CategoryCellViewModel.swift; sourceTree = "<group>"; };
		4B64684F29E6E4AB00F35682 /* EverythingArticleOutputMockData.json */ = {isa = PBXFileReference; lastKnownFileType = text.json; path = EverythingArticleOutputMockData.json; sourceTree = "<group>"; };
		4B64685E29E6F0F500F35682 /* SuperNewsDataAPIService.swift */ = {isa = PBXFileReference; lastKnownFileType = sourcecode.swift; path = SuperNewsDataAPIService.swift; sourceTree = "<group>"; };
		4B64686029E6F15600F35682 /* SuperNewsAPIError.swift */ = {isa = PBXFileReference; lastKnownFileType = sourcecode.swift; path = SuperNewsAPIError.swift; sourceTree = "<group>"; };
		4B676DA329F95583003C5CE1 /* CategoryCollectionViewCell.swift */ = {isa = PBXFileReference; lastKnownFileType = sourcecode.swift; path = CategoryCollectionViewCell.swift; sourceTree = "<group>"; };
		4B73F60129EC713F00CD412C /* AllSourcesMockData.json */ = {isa = PBXFileReference; lastKnownFileType = text.json; path = AllSourcesMockData.json; sourceTree = "<group>"; };
		4B73F60529EC71A900CD412C /* TechnologySourcesMockData.json */ = {isa = PBXFileReference; lastKnownFileType = text.json; path = TechnologySourcesMockData.json; sourceTree = "<group>"; };
		4B73F60729EC71DC00CD412C /* FranceSourcesMockData.json */ = {isa = PBXFileReference; lastKnownFileType = text.json; path = FranceSourcesMockData.json; sourceTree = "<group>"; };
		4B73F61029ECA59900CD412C /* EnglishSourcesMockData.json */ = {isa = PBXFileReference; lastKnownFileType = text.json; path = EnglishSourcesMockData.json; sourceTree = "<group>"; };
		4B73F61329ECA94500CD412C /* FrenchTopHeadlinesMockData.json */ = {isa = PBXFileReference; lastKnownFileType = text.json; path = FrenchTopHeadlinesMockData.json; sourceTree = "<group>"; };
		4B73F61529ECAA2500CD412C /* SportsTopHeadlinesMockData.json */ = {isa = PBXFileReference; lastKnownFileType = text.json; path = SportsTopHeadlinesMockData.json; sourceTree = "<group>"; };
		4B73F61B29ECAAEE00CD412C /* SourcesTopHeadlinesMockData.json */ = {isa = PBXFileReference; lastKnownFileType = text.json; path = SourcesTopHeadlinesMockData.json; sourceTree = "<group>"; };
		4B82596029F80B33003CB627 /* ModuleBuilder.swift */ = {isa = PBXFileReference; lastKnownFileType = sourcecode.swift; path = ModuleBuilder.swift; sourceTree = "<group>"; };
		4B82596229F80B82003CB627 /* HomeModuleBuilder.swift */ = {isa = PBXFileReference; lastKnownFileType = sourcecode.swift; path = HomeModuleBuilder.swift; sourceTree = "<group>"; };
		4B82596529F8104C003CB627 /* SuperNewsBuilderTests.swift */ = {isa = PBXFileReference; lastKnownFileType = sourcecode.swift; path = SuperNewsBuilderTests.swift; sourceTree = "<group>"; };
		4B82596829F81FDE003CB627 /* ShadowUILabel.swift */ = {isa = PBXFileReference; lastKnownFileType = sourcecode.swift; path = ShadowUILabel.swift; sourceTree = "<group>"; };
		4B8AC85B29EDB79D00BAE418 /* SuperNewsCoordinatorTests.swift */ = {isa = PBXFileReference; lastKnownFileType = sourcecode.swift; path = SuperNewsCoordinatorTests.swift; sourceTree = "<group>"; };
		4B9E901129ED929C006E541F /* UIViewControllerPreview.swift */ = {isa = PBXFileReference; lastKnownFileType = sourcecode.swift; path = UIViewControllerPreview.swift; sourceTree = "<group>"; };
		4B9E901329ED92A4006E541F /* UIViewPreview.swift */ = {isa = PBXFileReference; lastKnownFileType = sourcecode.swift; path = UIViewPreview.swift; sourceTree = "<group>"; };
		4BA595B429E6D506006B9460 /* SuperNewsV2UIKitTests.xctest */ = {isa = PBXFileReference; explicitFileType = wrapper.cfbundle; includeInIndex = 0; path = SuperNewsV2UIKitTests.xctest; sourceTree = BUILT_PRODUCTS_DIR; };
		4BA595B629E6D506006B9460 /* SuperNewsV2UIKitTests.swift */ = {isa = PBXFileReference; lastKnownFileType = sourcecode.swift; path = SuperNewsV2UIKitTests.swift; sourceTree = "<group>"; };
		4BA595BE29E6D658006B9460 /* SuperNewsV2UIKit.xctestplan */ = {isa = PBXFileReference; lastKnownFileType = text; path = SuperNewsV2UIKit.xctestplan; sourceTree = SOURCE_ROOT; };
		4BA595C329E6D6F8006B9460 /* SuperNewsModelTests.swift */ = {isa = PBXFileReference; lastKnownFileType = sourcecode.swift; path = SuperNewsModelTests.swift; sourceTree = "<group>"; };
		4BA595C629E6DF08006B9460 /* Article.swift */ = {isa = PBXFileReference; lastKnownFileType = sourcecode.swift; path = Article.swift; sourceTree = "<group>"; };
		4BC3D0F029EB18FA00EAD942 /* SuperNewsDataAPITests.swift */ = {isa = PBXFileReference; lastKnownFileType = sourcecode.swift; path = SuperNewsDataAPITests.swift; sourceTree = "<group>"; };
		4BC3D0F329EB19DD00EAD942 /* SuperNewsMockDataAPIService.swift */ = {isa = PBXFileReference; lastKnownFileType = sourcecode.swift; path = SuperNewsMockDataAPIService.swift; sourceTree = "<group>"; };
		4BC3D0F529EB1CA900EAD942 /* SuperNewsDataAPIServiceTestCaller.swift */ = {isa = PBXFileReference; lastKnownFileType = sourcecode.swift; path = SuperNewsDataAPIServiceTestCaller.swift; sourceTree = "<group>"; };
		4BD88CAE29E6BAAD000369DE /* SuperNewsV2UIKit.app */ = {isa = PBXFileReference; explicitFileType = wrapper.application; includeInIndex = 0; path = SuperNewsV2UIKit.app; sourceTree = BUILT_PRODUCTS_DIR; };
		4BD88CB129E6BAAD000369DE /* AppDelegate.swift */ = {isa = PBXFileReference; lastKnownFileType = sourcecode.swift; path = AppDelegate.swift; sourceTree = "<group>"; };
		4BD88CB329E6BAAD000369DE /* SceneDelegate.swift */ = {isa = PBXFileReference; lastKnownFileType = sourcecode.swift; path = SceneDelegate.swift; sourceTree = "<group>"; };
		4BD88CB529E6BAAD000369DE /* HomeViewController.swift */ = {isa = PBXFileReference; lastKnownFileType = sourcecode.swift; path = HomeViewController.swift; sourceTree = "<group>"; };
		4BD88CBA29E6BAAF000369DE /* Assets.xcassets */ = {isa = PBXFileReference; lastKnownFileType = folder.assetcatalog; path = Assets.xcassets; sourceTree = "<group>"; };
		4BD88CBD29E6BAAF000369DE /* Base */ = {isa = PBXFileReference; lastKnownFileType = file.storyboard; name = Base; path = Base.lproj/LaunchScreen.storyboard; sourceTree = "<group>"; };
		4BD88CBF29E6BAAF000369DE /* Info.plist */ = {isa = PBXFileReference; lastKnownFileType = text.plist.xml; path = Info.plist; sourceTree = "<group>"; };
		4BD88CE229E6CDED000369DE /* MediaSource.swift */ = {isa = PBXFileReference; lastKnownFileType = sourcecode.swift; path = MediaSource.swift; sourceTree = "<group>"; };
		4BF6375C29FC836C00AC469F /* GeneralTopHeadlinesMockData.json */ = {isa = PBXFileReference; lastKnownFileType = text.json; path = GeneralTopHeadlinesMockData.json; sourceTree = "<group>"; };
		4BF6376729FC856500AC469F /* ScienceTopHeadlinesMockData.json */ = {isa = PBXFileReference; lastKnownFileType = text.json; path = ScienceTopHeadlinesMockData.json; sourceTree = "<group>"; };
		4BF6376A29FC864500AC469F /* TopHeadlinesOption.swift */ = {isa = PBXFileReference; lastKnownFileType = sourcecode.swift; path = TopHeadlinesOption.swift; sourceTree = "<group>"; };
		4BF6376C29FC87D700AC469F /* ArticleViewModel.swift */ = {isa = PBXFileReference; lastKnownFileType = sourcecode.swift; path = ArticleViewModel.swift; sourceTree = "<group>"; };
		4BF6376F29FC889F00AC469F /* StringToDate.swift */ = {isa = PBXFileReference; lastKnownFileType = sourcecode.swift; path = StringToDate.swift; sourceTree = "<group>"; };
/* End PBXFileReference section */

/* Begin PBXFrameworksBuildPhase section */
		4BA595B129E6D506006B9460 /* Frameworks */ = {
			isa = PBXFrameworksBuildPhase;
			buildActionMask = 2147483647;
			files = (
			);
			runOnlyForDeploymentPostprocessing = 0;
		};
		4BD88CAB29E6BAAD000369DE /* Frameworks */ = {
			isa = PBXFrameworksBuildPhase;
			buildActionMask = 2147483647;
			files = (
				4B64685B29E6EDF700F35682 /* SnapKit in Frameworks */,
				4B64685529E6ED1F00F35682 /* Kingfisher in Frameworks */,
				4B64685829E6ED7200F35682 /* Alamofire in Frameworks */,
			);
			runOnlyForDeploymentPostprocessing = 0;
		};
/* End PBXFrameworksBuildPhase section */

/* Begin PBXGroup section */
		4B08602429ED7BC600AA32C0 /* EntryPoint */ = {
			isa = PBXGroup;
			children = (
				4B82595F29F80B14003CB627 /* Builders */,
				4B08602529ED7C1700AA32C0 /* Coordinator */,
				4BD88CB129E6BAAD000369DE /* AppDelegate.swift */,
				4BD88CB329E6BAAD000369DE /* SceneDelegate.swift */,
				4BD88CBC29E6BAAF000369DE /* LaunchScreen.storyboard */,
			);
			path = EntryPoint;
			sourceTree = "<group>";
		};
		4B08602529ED7C1700AA32C0 /* Coordinator */ = {
			isa = PBXGroup;
			children = (
				4B08602629ED7C1C00AA32C0 /* Coordinator.swift */,
				4B08602829ED7CAC00AA32C0 /* AppCoordinator.swift */,
				4B08602C29ED805900AA32C0 /* HomeCoordinator.swift */,
				4B08602E29ED836600AA32C0 /* SearchCoordinator.swift */,
			);
			path = Coordinator;
			sourceTree = "<group>";
		};
		4B08603029ED881600AA32C0 /* ViewExtensions */ = {
			isa = PBXGroup;
			children = (
				4B9E901029ED9286006E541F /* LivePreviews */,
				4B08603129ED884600AA32C0 /* GradientTabBarController.swift */,
				4B306F7F29F70F37009AA92D /* ImageLoader.swift */,
				4B82596829F81FDE003CB627 /* ShadowUILabel.swift */,
			);
			path = ViewExtensions;
			sourceTree = "<group>";
		};
		4B306F6129F68D09009AA92D /* DomainLayer */ = {
			isa = PBXGroup;
			children = (
				4B306F6929F6CBBC009AA92D /* UseCases */,
				4B306F6829F6CBB0009AA92D /* Repositories */,
				4B306F6329F68D51009AA92D /* Entities */,
			);
			path = DomainLayer;
			sourceTree = "<group>";
		};
		4B306F6229F68D3E009AA92D /* PresentationLayer */ = {
			isa = PBXGroup;
			children = (
				4B306F7D29F7081C009AA92D /* NewsTableViewCell.swift */,
				4B306F7B29F6FA1F009AA92D /* NewsCellViewModel.swift */,
				4BF6376C29FC87D700AC469F /* ArticleViewModel.swift */,
				4B306F7229F6D35E009AA92D /* Search */,
				4B306F7129F6D34F009AA92D /* Home */,
			);
			path = PresentationLayer;
			sourceTree = "<group>";
		};
		4B306F6329F68D51009AA92D /* Entities */ = {
			isa = PBXGroup;
			children = (
				4B306F6429F68EE3009AA92D /* ArticleDTO.swift */,
				4B306F6629F68F17009AA92D /* SourceDTO.swift */,
			);
			path = Entities;
			sourceTree = "<group>";
		};
		4B306F6829F6CBB0009AA92D /* Repositories */ = {
			isa = PBXGroup;
			children = (
			);
			path = Repositories;
			sourceTree = "<group>";
		};
		4B306F6929F6CBBC009AA92D /* UseCases */ = {
			isa = PBXGroup;
			children = (
				4B306F6F29F6CF54009AA92D /* TopHeadlinesUseCase.swift */,
				4B306F7329F6D480009AA92D /* UseCasesProtocols.swift */,
			);
			path = UseCases;
			sourceTree = "<group>";
		};
		4B306F6B29F6CDE5009AA92D /* Network */ = {
			isa = PBXGroup;
			children = (
				4B64685E29E6F0F500F35682 /* SuperNewsDataAPIService.swift */,
				4B64686029E6F15600F35682 /* SuperNewsAPIError.swift */,
				4BC3D0F329EB19DD00EAD942 /* SuperNewsMockDataAPIService.swift */,
				4B08601E29ED49AC00AA32C0 /* SuperNewsNetworkAPIService.swift */,
				4B08602029ED4D3300AA32C0 /* SuperNewsAPIEndpoint.swift */,
			);
			path = Network;
			sourceTree = "<group>";
		};
		4B306F6C29F6CE06009AA92D /* Repository */ = {
			isa = PBXGroup;
			children = (
				4B306F6D29F6CE4C009AA92D /* SuperNewsRepository.swift */,
				4B306F7929F6F172009AA92D /* SuperNewsDataRepository.swift */,
			);
			path = Repository;
			sourceTree = "<group>";
		};
		4B306F7129F6D34F009AA92D /* Home */ = {
			isa = PBXGroup;
			children = (
				4BD88CB529E6BAAD000369DE /* HomeViewController.swift */,
				4B306F7729F6DF0F009AA92D /* HomeViewModel.swift */,
				4B676DA329F95583003C5CE1 /* CategoryCollectionViewCell.swift */,
				4B3551AE29F95D3C0047CEDB /* CategoryCellViewModel.swift */,
				4BF6376A29FC864500AC469F /* TopHeadlinesOption.swift */,
			);
			path = Home;
			sourceTree = "<group>";
		};
		4B306F7229F6D35E009AA92D /* Search */ = {
			isa = PBXGroup;
			children = (
				4B08602A29ED7FE900AA32C0 /* SearchViewController.swift */,
			);
			path = Search;
			sourceTree = "<group>";
		};
		4B64685229E6E56300F35682 /* Extensions */ = {
			isa = PBXGroup;
			children = (
			);
			path = Extensions;
			sourceTree = "<group>";
		};
		4B64685C29E6F01A00F35682 /* DataLayer */ = {
			isa = PBXGroup;
			children = (
				4B306F6C29F6CE06009AA92D /* Repository */,
				4B306F6B29F6CDE5009AA92D /* Network */,
				4BD88CE129E6CDDF000369DE /* Model */,
				4B08602229ED503300AA32C0 /* apiKey.plist */,
			);
			path = DataLayer;
			sourceTree = "<group>";
		};
		4B73F60929EC721B00CD412C /* Sources */ = {
			isa = PBXGroup;
			children = (
				4B73F60129EC713F00CD412C /* AllSourcesMockData.json */,
				4B73F60529EC71A900CD412C /* TechnologySourcesMockData.json */,
				4B73F60729EC71DC00CD412C /* FranceSourcesMockData.json */,
				4B73F61029ECA59900CD412C /* EnglishSourcesMockData.json */,
			);
			path = Sources;
			sourceTree = "<group>";
		};
		4B73F60A29EC722100CD412C /* TopHeadlines */ = {
			isa = PBXGroup;
			children = (
				4B73F61329ECA94500CD412C /* FrenchTopHeadlinesMockData.json */,
				4B73F61529ECAA2500CD412C /* SportsTopHeadlinesMockData.json */,
				4B73F61B29ECAAEE00CD412C /* SourcesTopHeadlinesMockData.json */,
				4B2DBB7829FA857B00996760 /* BusinessTopHeadlinesMockData.json */,
				4B2DBB7A29FA858F00996760 /* HealthTopHeadlinesMockData.json */,
				4B2DBB7C29FA85B500996760 /* TechnologyTopHeadlinesMockData.json */,
				4B2DBB7E29FA85DB00996760 /* EntertainmentTopHeadlinesMockData.json */,
				4BF6375C29FC836C00AC469F /* GeneralTopHeadlinesMockData.json */,
				4BF6376729FC856500AC469F /* ScienceTopHeadlinesMockData.json */,
			);
			path = TopHeadlines;
			sourceTree = "<group>";
		};
		4B73F60B29EC722900CD412C /* Everything */ = {
			isa = PBXGroup;
			children = (
				4B64684F29E6E4AB00F35682 /* EverythingArticleOutputMockData.json */,
				4B08601B29ED465B00AA32C0 /* EverythingiPhoneFrenchNewsMockData.json */,
			);
			path = Everything;
			sourceTree = "<group>";
		};
		4B82595F29F80B14003CB627 /* Builders */ = {
			isa = PBXGroup;
			children = (
				4B82596229F80B82003CB627 /* HomeModuleBuilder.swift */,
				4B82596029F80B33003CB627 /* ModuleBuilder.swift */,
			);
			path = Builders;
			sourceTree = "<group>";
		};
		4B82596429F81023003CB627 /* BuilderTests */ = {
			isa = PBXGroup;
			children = (
				4B82596529F8104C003CB627 /* SuperNewsBuilderTests.swift */,
			);
			path = BuilderTests;
			sourceTree = "<group>";
		};
		4B8AC85A29EDB75F00BAE418 /* CoordinatorTests */ = {
			isa = PBXGroup;
			children = (
				4B8AC85B29EDB79D00BAE418 /* SuperNewsCoordinatorTests.swift */,
			);
			path = CoordinatorTests;
			sourceTree = "<group>";
		};
		4B9E901029ED9286006E541F /* LivePreviews */ = {
			isa = PBXGroup;
			children = (
				4B9E901129ED929C006E541F /* UIViewControllerPreview.swift */,
				4B9E901329ED92A4006E541F /* UIViewPreview.swift */,
			);
			path = LivePreviews;
			sourceTree = "<group>";
		};
		4BA595B529E6D506006B9460 /* SuperNewsV2UIKitTests */ = {
			isa = PBXGroup;
			children = (
				4B82596429F81023003CB627 /* BuilderTests */,
				4B8AC85A29EDB75F00BAE418 /* CoordinatorTests */,
				4BC3D0F229EB199600EAD942 /* DataTests */,
				4B64685229E6E56300F35682 /* Extensions */,
				4BA595BF29E6D69D006B9460 /* JSON Data */,
				4BA595C229E6D6D5006B9460 /* ModelTests */,
				4BA595B629E6D506006B9460 /* SuperNewsV2UIKitTests.swift */,
				4BA595BE29E6D658006B9460 /* SuperNewsV2UIKit.xctestplan */,
			);
			path = SuperNewsV2UIKitTests;
			sourceTree = "<group>";
		};
		4BA595BF29E6D69D006B9460 /* JSON Data */ = {
			isa = PBXGroup;
			children = (
				4B73F60B29EC722900CD412C /* Everything */,
				4B73F60A29EC722100CD412C /* TopHeadlines */,
				4B73F60929EC721B00CD412C /* Sources */,
			);
			path = "JSON Data";
			sourceTree = "<group>";
		};
		4BA595C229E6D6D5006B9460 /* ModelTests */ = {
			isa = PBXGroup;
			children = (
				4BA595C329E6D6F8006B9460 /* SuperNewsModelTests.swift */,
				4B306F7529F6DC1C009AA92D /* SuperNewsDTOTests.swift */,
			);
			path = ModelTests;
			sourceTree = "<group>";
		};
		4BC3D0F229EB199600EAD942 /* DataTests */ = {
			isa = PBXGroup;
			children = (
				4BC3D0F029EB18FA00EAD942 /* SuperNewsDataAPITests.swift */,
				4BC3D0F529EB1CA900EAD942 /* SuperNewsDataAPIServiceTestCaller.swift */,
				4B306F5F29F684B9009AA92D /* SuperNewsAPIEndpointTests.swift */,
			);
			path = DataTests;
			sourceTree = "<group>";
		};
		4BD88CA529E6BAAD000369DE = {
			isa = PBXGroup;
			children = (
				4BD88CB029E6BAAD000369DE /* SuperNewsV2UIKit */,
				4BA595B529E6D506006B9460 /* SuperNewsV2UIKitTests */,
				4BD88CAF29E6BAAD000369DE /* Products */,
			);
			sourceTree = "<group>";
		};
		4BD88CAF29E6BAAD000369DE /* Products */ = {
			isa = PBXGroup;
			children = (
				4BD88CAE29E6BAAD000369DE /* SuperNewsV2UIKit.app */,
				4BA595B429E6D506006B9460 /* SuperNewsV2UIKitTests.xctest */,
			);
			name = Products;
			sourceTree = "<group>";
		};
		4BD88CB029E6BAAD000369DE /* SuperNewsV2UIKit */ = {
			isa = PBXGroup;
			children = (
				4BF6376E29FC888400AC469F /* Extensions */,
				4B08603029ED881600AA32C0 /* ViewExtensions */,
				4B64685C29E6F01A00F35682 /* DataLayer */,
				4B306F6129F68D09009AA92D /* DomainLayer */,
				4B306F6229F68D3E009AA92D /* PresentationLayer */,
				4B08602429ED7BC600AA32C0 /* EntryPoint */,
				4BD88CBA29E6BAAF000369DE /* Assets.xcassets */,
				4BD88CBF29E6BAAF000369DE /* Info.plist */,
			);
			path = SuperNewsV2UIKit;
			sourceTree = "<group>";
		};
		4BD88CE129E6CDDF000369DE /* Model */ = {
			isa = PBXGroup;
			children = (
				4BD88CE229E6CDED000369DE /* MediaSource.swift */,
				4BA595C629E6DF08006B9460 /* Article.swift */,
			);
			path = Model;
			sourceTree = "<group>";
		};
		4BF6376E29FC888400AC469F /* Extensions */ = {
			isa = PBXGroup;
			children = (
				4BF6376F29FC889F00AC469F /* StringToDate.swift */,
			);
			path = Extensions;
			sourceTree = "<group>";
		};
/* End PBXGroup section */

/* Begin PBXNativeTarget section */
		4BA595B329E6D506006B9460 /* SuperNewsV2UIKitTests */ = {
			isa = PBXNativeTarget;
			buildConfigurationList = 4BA595BA29E6D506006B9460 /* Build configuration list for PBXNativeTarget "SuperNewsV2UIKitTests" */;
			buildPhases = (
				4BA595B029E6D506006B9460 /* Sources */,
				4BA595B129E6D506006B9460 /* Frameworks */,
				4BA595B229E6D506006B9460 /* Resources */,
			);
			buildRules = (
			);
			dependencies = (
				4BA595B929E6D506006B9460 /* PBXTargetDependency */,
			);
			name = SuperNewsV2UIKitTests;
			productName = SuperNewsV2UIKitTests;
			productReference = 4BA595B429E6D506006B9460 /* SuperNewsV2UIKitTests.xctest */;
			productType = "com.apple.product-type.bundle.unit-test";
		};
		4BD88CAD29E6BAAD000369DE /* SuperNewsV2UIKit */ = {
			isa = PBXNativeTarget;
			buildConfigurationList = 4BD88CD829E6BAAF000369DE /* Build configuration list for PBXNativeTarget "SuperNewsV2UIKit" */;
			buildPhases = (
				4BD88CAA29E6BAAD000369DE /* Sources */,
				4BD88CAB29E6BAAD000369DE /* Frameworks */,
				4BD88CAC29E6BAAD000369DE /* Resources */,
			);
			buildRules = (
			);
			dependencies = (
			);
			name = SuperNewsV2UIKit;
			packageProductDependencies = (
				4B64685429E6ED1F00F35682 /* Kingfisher */,
				4B64685729E6ED7200F35682 /* Alamofire */,
				4B64685A29E6EDF700F35682 /* SnapKit */,
			);
			productName = SuperNewsV2UIKit;
			productReference = 4BD88CAE29E6BAAD000369DE /* SuperNewsV2UIKit.app */;
			productType = "com.apple.product-type.application";
		};
/* End PBXNativeTarget section */

/* Begin PBXProject section */
		4BD88CA629E6BAAD000369DE /* Project object */ = {
			isa = PBXProject;
			attributes = {
				BuildIndependentTargetsInParallel = 1;
				LastSwiftUpdateCheck = 1430;
				LastUpgradeCheck = 1430;
				TargetAttributes = {
					4BA595B329E6D506006B9460 = {
						CreatedOnToolsVersion = 14.3;
						TestTargetID = 4BD88CAD29E6BAAD000369DE;
					};
					4BD88CAD29E6BAAD000369DE = {
						CreatedOnToolsVersion = 14.3;
					};
				};
			};
			buildConfigurationList = 4BD88CA929E6BAAD000369DE /* Build configuration list for PBXProject "SuperNewsV2UIKit" */;
			compatibilityVersion = "Xcode 14.0";
			developmentRegion = en;
			hasScannedForEncodings = 0;
			knownRegions = (
				en,
				Base,
			);
			mainGroup = 4BD88CA529E6BAAD000369DE;
			packageReferences = (
				4B64685329E6ED1F00F35682 /* XCRemoteSwiftPackageReference "Kingfisher" */,
				4B64685629E6ED7200F35682 /* XCRemoteSwiftPackageReference "Alamofire" */,
				4B64685929E6EDF700F35682 /* XCRemoteSwiftPackageReference "SnapKit" */,
			);
			productRefGroup = 4BD88CAF29E6BAAD000369DE /* Products */;
			projectDirPath = "";
			projectRoot = "";
			targets = (
				4BD88CAD29E6BAAD000369DE /* SuperNewsV2UIKit */,
				4BA595B329E6D506006B9460 /* SuperNewsV2UIKitTests */,
			);
		};
/* End PBXProject section */

/* Begin PBXResourcesBuildPhase section */
		4BA595B229E6D506006B9460 /* Resources */ = {
			isa = PBXResourcesBuildPhase;
			buildActionMask = 2147483647;
			files = (
				4B73F61C29ECAAEE00CD412C /* SourcesTopHeadlinesMockData.json in Resources */,
				4B73F61129ECA59900CD412C /* EnglishSourcesMockData.json in Resources */,
				4BF6375F29FC84DF00AC469F /* GeneralTopHeadlinesMockData.json in Resources */,
				4B2DBB7D29FA85B500996760 /* TechnologyTopHeadlinesMockData.json in Resources */,
				4B73F60829EC71DC00CD412C /* FranceSourcesMockData.json in Resources */,
				4B2DBB7B29FA858F00996760 /* HealthTopHeadlinesMockData.json in Resources */,
				4B2DBB7F29FA85DB00996760 /* EntertainmentTopHeadlinesMockData.json in Resources */,
				4B2DBB7929FA857B00996760 /* BusinessTopHeadlinesMockData.json in Resources */,
				4BF6376929FC856500AC469F /* ScienceTopHeadlinesMockData.json in Resources */,
				4B64685129E6E4AB00F35682 /* EverythingArticleOutputMockData.json in Resources */,
				4B73F60629EC71A900CD412C /* TechnologySourcesMockData.json in Resources */,
				4B73F61629ECAA2500CD412C /* SportsTopHeadlinesMockData.json in Resources */,
				4B73F60229EC713F00CD412C /* AllSourcesMockData.json in Resources */,
				4B08601C29ED465B00AA32C0 /* EverythingiPhoneFrenchNewsMockData.json in Resources */,
				4B73F61429ECA94500CD412C /* FrenchTopHeadlinesMockData.json in Resources */,
			);
			runOnlyForDeploymentPostprocessing = 0;
		};
		4BD88CAC29E6BAAD000369DE /* Resources */ = {
			isa = PBXResourcesBuildPhase;
			buildActionMask = 2147483647;
			files = (
				4BF6375E29FC84DE00AC469F /* GeneralTopHeadlinesMockData.json in Resources */,
				4BF6376229FC84E900AC469F /* HealthTopHeadlinesMockData.json in Resources */,
				4B73F60D29EC731400CD412C /* FranceSourcesMockData.json in Resources */,
				4B08602329ED503300AA32C0 /* apiKey.plist in Resources */,
				4B73F60C29EC731100CD412C /* AllSourcesMockData.json in Resources */,
				4B08601D29ED465F00AA32C0 /* EverythingiPhoneFrenchNewsMockData.json in Resources */,
				4B73F61D29ECAC3B00CD412C /* SourcesTopHeadlinesMockData.json in Resources */,
				4B73F61229ECA8DF00CD412C /* EnglishSourcesMockData.json in Resources */,
				4BF6376829FC856500AC469F /* ScienceTopHeadlinesMockData.json in Resources */,
				4BF6376129FC84E600AC469F /* TechnologyTopHeadlinesMockData.json in Resources */,
				4BD88CBE29E6BAAF000369DE /* LaunchScreen.storyboard in Resources */,
				4B64685029E6E4AB00F35682 /* EverythingArticleOutputMockData.json in Resources */,
				4B73F60E29EC731600CD412C /* TechnologySourcesMockData.json in Resources */,
				4BF6376029FC84E300AC469F /* EntertainmentTopHeadlinesMockData.json in Resources */,
				4B73F61729ECAA2900CD412C /* SportsTopHeadlinesMockData.json in Resources */,
				4BD88CBB29E6BAAF000369DE /* Assets.xcassets in Resources */,
				4BF6376329FC84EC00AC469F /* BusinessTopHeadlinesMockData.json in Resources */,
				4B73F61829ECAA2C00CD412C /* FrenchTopHeadlinesMockData.json in Resources */,
			);
			runOnlyForDeploymentPostprocessing = 0;
		};
/* End PBXResourcesBuildPhase section */

/* Begin PBXSourcesBuildPhase section */
		4BA595B029E6D506006B9460 /* Sources */ = {
			isa = PBXSourcesBuildPhase;
			buildActionMask = 2147483647;
			files = (
				4B306F7629F6DC1C009AA92D /* SuperNewsDTOTests.swift in Sources */,
				4B82596629F8104C003CB627 /* SuperNewsBuilderTests.swift in Sources */,
				4B306F6029F684B9009AA92D /* SuperNewsAPIEndpointTests.swift in Sources */,
				4BC3D0F129EB18FA00EAD942 /* SuperNewsDataAPITests.swift in Sources */,
				4BC3D0F629EB1CA900EAD942 /* SuperNewsDataAPIServiceTestCaller.swift in Sources */,
				4B8AC85C29EDB79D00BAE418 /* SuperNewsCoordinatorTests.swift in Sources */,
				4BA595C429E6D6F8006B9460 /* SuperNewsModelTests.swift in Sources */,
				4BA595B729E6D506006B9460 /* SuperNewsV2UIKitTests.swift in Sources */,
			);
			runOnlyForDeploymentPostprocessing = 0;
		};
		4BD88CAA29E6BAAD000369DE /* Sources */ = {
			isa = PBXSourcesBuildPhase;
			buildActionMask = 2147483647;
			files = (
				4B676DA429F95583003C5CE1 /* CategoryCollectionViewCell.swift in Sources */,
				4B82596329F80B82003CB627 /* HomeModuleBuilder.swift in Sources */,
				4BF6376B29FC864500AC469F /* TopHeadlinesOption.swift in Sources */,
				4B306F6529F68EE3009AA92D /* ArticleDTO.swift in Sources */,
				4B08602929ED7CAC00AA32C0 /* AppCoordinator.swift in Sources */,
				4B08601F29ED49AC00AA32C0 /* SuperNewsNetworkAPIService.swift in Sources */,
				4B08602129ED4D3300AA32C0 /* SuperNewsAPIEndpoint.swift in Sources */,
				4B306F7E29F7081C009AA92D /* NewsTableViewCell.swift in Sources */,
				4B82596129F80B33003CB627 /* ModuleBuilder.swift in Sources */,
				4B306F8029F70F37009AA92D /* ImageLoader.swift in Sources */,
				4B82596929F81FDE003CB627 /* ShadowUILabel.swift in Sources */,
				4B306F6E29F6CE4C009AA92D /* SuperNewsRepository.swift in Sources */,
				4B306F7829F6DF0F009AA92D /* HomeViewModel.swift in Sources */,
				4B306F7A29F6F172009AA92D /* SuperNewsDataRepository.swift in Sources */,
				4B306F7029F6CF54009AA92D /* TopHeadlinesUseCase.swift in Sources */,
				4B3551AF29F95D3C0047CEDB /* CategoryCellViewModel.swift in Sources */,
				4B08603229ED884600AA32C0 /* GradientTabBarController.swift in Sources */,
				4BF6377029FC889F00AC469F /* StringToDate.swift in Sources */,
				4BD88CB629E6BAAD000369DE /* HomeViewController.swift in Sources */,
				4B64685F29E6F0F500F35682 /* SuperNewsDataAPIService.swift in Sources */,
				4BD88CE329E6CDED000369DE /* MediaSource.swift in Sources */,
				4B306F6729F68F17009AA92D /* SourceDTO.swift in Sources */,
				4B9E901229ED929C006E541F /* UIViewControllerPreview.swift in Sources */,
				4B08602F29ED836600AA32C0 /* SearchCoordinator.swift in Sources */,
				4B08602B29ED7FE900AA32C0 /* SearchViewController.swift in Sources */,
				4B08602729ED7C1C00AA32C0 /* Coordinator.swift in Sources */,
				4B9E901429ED92A4006E541F /* UIViewPreview.swift in Sources */,
				4B08602D29ED805900AA32C0 /* HomeCoordinator.swift in Sources */,
				4B36C0F429F80114009FCBC1 /* SuperNewsMockDataAPIService.swift in Sources */,
				4B306F7429F6D480009AA92D /* UseCasesProtocols.swift in Sources */,
				4BD88CB229E6BAAD000369DE /* AppDelegate.swift in Sources */,
				4B64686129E6F15600F35682 /* SuperNewsAPIError.swift in Sources */,
				4BD88CB429E6BAAD000369DE /* SceneDelegate.swift in Sources */,
				4BA595C729E6DF08006B9460 /* Article.swift in Sources */,
				4BF6376D29FC87D700AC469F /* ArticleViewModel.swift in Sources */,
				4B306F7C29F6FA1F009AA92D /* NewsCellViewModel.swift in Sources */,
			);
			runOnlyForDeploymentPostprocessing = 0;
		};
/* End PBXSourcesBuildPhase section */

/* Begin PBXTargetDependency section */
		4BA595B929E6D506006B9460 /* PBXTargetDependency */ = {
			isa = PBXTargetDependency;
			target = 4BD88CAD29E6BAAD000369DE /* SuperNewsV2UIKit */;
			targetProxy = 4BA595B829E6D506006B9460 /* PBXContainerItemProxy */;
		};
/* End PBXTargetDependency section */

/* Begin PBXVariantGroup section */
		4BD88CBC29E6BAAF000369DE /* LaunchScreen.storyboard */ = {
			isa = PBXVariantGroup;
			children = (
				4BD88CBD29E6BAAF000369DE /* Base */,
			);
			name = LaunchScreen.storyboard;
			sourceTree = "<group>";
		};
/* End PBXVariantGroup section */

/* Begin XCBuildConfiguration section */
		4BA595BB29E6D506006B9460 /* Debug */ = {
			isa = XCBuildConfiguration;
			buildSettings = {
				BUNDLE_LOADER = "$(TEST_HOST)";
				CODE_SIGN_STYLE = Automatic;
				CURRENT_PROJECT_VERSION = 1;
				DEVELOPMENT_TEAM = LX6HN92HPR;
				GENERATE_INFOPLIST_FILE = YES;
				IPHONEOS_DEPLOYMENT_TARGET = 15.0;
				MARKETING_VERSION = 1.0;
				PRODUCT_BUNDLE_IDENTIFIER = com.kous92.SuperNewsV2UIKitTests;
				PRODUCT_NAME = "$(TARGET_NAME)";
				SWIFT_EMIT_LOC_STRINGS = NO;
				SWIFT_VERSION = 5.0;
				TARGETED_DEVICE_FAMILY = "1,2";
				TEST_HOST = "$(BUILT_PRODUCTS_DIR)/SuperNewsV2UIKit.app/$(BUNDLE_EXECUTABLE_FOLDER_PATH)/SuperNewsV2UIKit";
			};
			name = Debug;
		};
		4BA595BC29E6D506006B9460 /* Release */ = {
			isa = XCBuildConfiguration;
			buildSettings = {
				BUNDLE_LOADER = "$(TEST_HOST)";
				CODE_SIGN_STYLE = Automatic;
				CURRENT_PROJECT_VERSION = 1;
				DEVELOPMENT_TEAM = LX6HN92HPR;
				GENERATE_INFOPLIST_FILE = YES;
				IPHONEOS_DEPLOYMENT_TARGET = 15.0;
				MARKETING_VERSION = 1.0;
				PRODUCT_BUNDLE_IDENTIFIER = com.kous92.SuperNewsV2UIKitTests;
				PRODUCT_NAME = "$(TARGET_NAME)";
				SWIFT_EMIT_LOC_STRINGS = NO;
				SWIFT_VERSION = 5.0;
				TARGETED_DEVICE_FAMILY = "1,2";
				TEST_HOST = "$(BUILT_PRODUCTS_DIR)/SuperNewsV2UIKit.app/$(BUNDLE_EXECUTABLE_FOLDER_PATH)/SuperNewsV2UIKit";
			};
			name = Release;
		};
		4BD88CD629E6BAAF000369DE /* Debug */ = {
			isa = XCBuildConfiguration;
			buildSettings = {
				ALWAYS_SEARCH_USER_PATHS = NO;
				CLANG_ANALYZER_NONNULL = YES;
				CLANG_ANALYZER_NUMBER_OBJECT_CONVERSION = YES_AGGRESSIVE;
				CLANG_CXX_LANGUAGE_STANDARD = "gnu++20";
				CLANG_ENABLE_MODULES = YES;
				CLANG_ENABLE_OBJC_ARC = YES;
				CLANG_ENABLE_OBJC_WEAK = YES;
				CLANG_WARN_BLOCK_CAPTURE_AUTORELEASING = YES;
				CLANG_WARN_BOOL_CONVERSION = YES;
				CLANG_WARN_COMMA = YES;
				CLANG_WARN_CONSTANT_CONVERSION = YES;
				CLANG_WARN_DEPRECATED_OBJC_IMPLEMENTATIONS = YES;
				CLANG_WARN_DIRECT_OBJC_ISA_USAGE = YES_ERROR;
				CLANG_WARN_DOCUMENTATION_COMMENTS = YES;
				CLANG_WARN_EMPTY_BODY = YES;
				CLANG_WARN_ENUM_CONVERSION = YES;
				CLANG_WARN_INFINITE_RECURSION = YES;
				CLANG_WARN_INT_CONVERSION = YES;
				CLANG_WARN_NON_LITERAL_NULL_CONVERSION = YES;
				CLANG_WARN_OBJC_IMPLICIT_RETAIN_SELF = YES;
				CLANG_WARN_OBJC_LITERAL_CONVERSION = YES;
				CLANG_WARN_OBJC_ROOT_CLASS = YES_ERROR;
				CLANG_WARN_QUOTED_INCLUDE_IN_FRAMEWORK_HEADER = YES;
				CLANG_WARN_RANGE_LOOP_ANALYSIS = YES;
				CLANG_WARN_STRICT_PROTOTYPES = YES;
				CLANG_WARN_SUSPICIOUS_MOVE = YES;
				CLANG_WARN_UNGUARDED_AVAILABILITY = YES_AGGRESSIVE;
				CLANG_WARN_UNREACHABLE_CODE = YES;
				CLANG_WARN__DUPLICATE_METHOD_MATCH = YES;
				COPY_PHASE_STRIP = NO;
				DEBUG_INFORMATION_FORMAT = dwarf;
				ENABLE_STRICT_OBJC_MSGSEND = YES;
				ENABLE_TESTABILITY = YES;
				GCC_C_LANGUAGE_STANDARD = gnu11;
				GCC_DYNAMIC_NO_PIC = NO;
				GCC_NO_COMMON_BLOCKS = YES;
				GCC_OPTIMIZATION_LEVEL = 0;
				GCC_PREPROCESSOR_DEFINITIONS = (
					"DEBUG=1",
					"$(inherited)",
				);
				GCC_WARN_64_TO_32_BIT_CONVERSION = YES;
				GCC_WARN_ABOUT_RETURN_TYPE = YES_ERROR;
				GCC_WARN_UNDECLARED_SELECTOR = YES;
				GCC_WARN_UNINITIALIZED_AUTOS = YES_AGGRESSIVE;
				GCC_WARN_UNUSED_FUNCTION = YES;
				GCC_WARN_UNUSED_VARIABLE = YES;
				IPHONEOS_DEPLOYMENT_TARGET = 15.0;
				MTL_ENABLE_DEBUG_INFO = INCLUDE_SOURCE;
				MTL_FAST_MATH = YES;
				ONLY_ACTIVE_ARCH = YES;
				SDKROOT = iphoneos;
				SWIFT_ACTIVE_COMPILATION_CONDITIONS = DEBUG;
				SWIFT_OPTIMIZATION_LEVEL = "-Onone";
			};
			name = Debug;
		};
		4BD88CD729E6BAAF000369DE /* Release */ = {
			isa = XCBuildConfiguration;
			buildSettings = {
				ALWAYS_SEARCH_USER_PATHS = NO;
				CLANG_ANALYZER_NONNULL = YES;
				CLANG_ANALYZER_NUMBER_OBJECT_CONVERSION = YES_AGGRESSIVE;
				CLANG_CXX_LANGUAGE_STANDARD = "gnu++20";
				CLANG_ENABLE_MODULES = YES;
				CLANG_ENABLE_OBJC_ARC = YES;
				CLANG_ENABLE_OBJC_WEAK = YES;
				CLANG_WARN_BLOCK_CAPTURE_AUTORELEASING = YES;
				CLANG_WARN_BOOL_CONVERSION = YES;
				CLANG_WARN_COMMA = YES;
				CLANG_WARN_CONSTANT_CONVERSION = YES;
				CLANG_WARN_DEPRECATED_OBJC_IMPLEMENTATIONS = YES;
				CLANG_WARN_DIRECT_OBJC_ISA_USAGE = YES_ERROR;
				CLANG_WARN_DOCUMENTATION_COMMENTS = YES;
				CLANG_WARN_EMPTY_BODY = YES;
				CLANG_WARN_ENUM_CONVERSION = YES;
				CLANG_WARN_INFINITE_RECURSION = YES;
				CLANG_WARN_INT_CONVERSION = YES;
				CLANG_WARN_NON_LITERAL_NULL_CONVERSION = YES;
				CLANG_WARN_OBJC_IMPLICIT_RETAIN_SELF = YES;
				CLANG_WARN_OBJC_LITERAL_CONVERSION = YES;
				CLANG_WARN_OBJC_ROOT_CLASS = YES_ERROR;
				CLANG_WARN_QUOTED_INCLUDE_IN_FRAMEWORK_HEADER = YES;
				CLANG_WARN_RANGE_LOOP_ANALYSIS = YES;
				CLANG_WARN_STRICT_PROTOTYPES = YES;
				CLANG_WARN_SUSPICIOUS_MOVE = YES;
				CLANG_WARN_UNGUARDED_AVAILABILITY = YES_AGGRESSIVE;
				CLANG_WARN_UNREACHABLE_CODE = YES;
				CLANG_WARN__DUPLICATE_METHOD_MATCH = YES;
				COPY_PHASE_STRIP = NO;
				DEBUG_INFORMATION_FORMAT = "dwarf-with-dsym";
				ENABLE_NS_ASSERTIONS = NO;
				ENABLE_STRICT_OBJC_MSGSEND = YES;
				GCC_C_LANGUAGE_STANDARD = gnu11;
				GCC_NO_COMMON_BLOCKS = YES;
				GCC_WARN_64_TO_32_BIT_CONVERSION = YES;
				GCC_WARN_ABOUT_RETURN_TYPE = YES_ERROR;
				GCC_WARN_UNDECLARED_SELECTOR = YES;
				GCC_WARN_UNINITIALIZED_AUTOS = YES_AGGRESSIVE;
				GCC_WARN_UNUSED_FUNCTION = YES;
				GCC_WARN_UNUSED_VARIABLE = YES;
				IPHONEOS_DEPLOYMENT_TARGET = 15.0;
				MTL_ENABLE_DEBUG_INFO = NO;
				MTL_FAST_MATH = YES;
				SDKROOT = iphoneos;
				SWIFT_COMPILATION_MODE = wholemodule;
				SWIFT_OPTIMIZATION_LEVEL = "-O";
				VALIDATE_PRODUCT = YES;
			};
			name = Release;
		};
		4BD88CD929E6BAAF000369DE /* Debug */ = {
			isa = XCBuildConfiguration;
			buildSettings = {
				ASSETCATALOG_COMPILER_APPICON_NAME = AppIcon;
				ASSETCATALOG_COMPILER_GLOBAL_ACCENT_COLOR_NAME = AccentColor;
				CODE_SIGN_STYLE = Automatic;
				CURRENT_PROJECT_VERSION = 1;
				DEVELOPMENT_TEAM = LX6HN92HPR;
				GENERATE_INFOPLIST_FILE = YES;
				INFOPLIST_FILE = SuperNewsV2UIKit/Info.plist;
				INFOPLIST_KEY_UIApplicationSupportsIndirectInputEvents = YES;
				INFOPLIST_KEY_UILaunchStoryboardName = LaunchScreen;
				INFOPLIST_KEY_UIMainStoryboardFile = "";
				INFOPLIST_KEY_UISupportedInterfaceOrientations_iPad = "UIInterfaceOrientationPortrait UIInterfaceOrientationPortraitUpsideDown UIInterfaceOrientationLandscapeLeft UIInterfaceOrientationLandscapeRight";
				INFOPLIST_KEY_UISupportedInterfaceOrientations_iPhone = "UIInterfaceOrientationPortrait UIInterfaceOrientationLandscapeLeft UIInterfaceOrientationLandscapeRight";
				LD_RUNPATH_SEARCH_PATHS = (
					"$(inherited)",
					"@executable_path/Frameworks",
				);
				MARKETING_VERSION = 1.0;
				PRODUCT_BUNDLE_IDENTIFIER = com.kous92.SuperNewsV2UIKit;
				PRODUCT_NAME = "$(TARGET_NAME)";
				SWIFT_EMIT_LOC_STRINGS = YES;
				SWIFT_VERSION = 5.0;
				TARGETED_DEVICE_FAMILY = "1,2";
			};
			name = Debug;
		};
		4BD88CDA29E6BAAF000369DE /* Release */ = {
			isa = XCBuildConfiguration;
			buildSettings = {
				ASSETCATALOG_COMPILER_APPICON_NAME = AppIcon;
				ASSETCATALOG_COMPILER_GLOBAL_ACCENT_COLOR_NAME = AccentColor;
				CODE_SIGN_STYLE = Automatic;
				CURRENT_PROJECT_VERSION = 1;
				DEVELOPMENT_TEAM = LX6HN92HPR;
				GENERATE_INFOPLIST_FILE = YES;
				INFOPLIST_FILE = SuperNewsV2UIKit/Info.plist;
				INFOPLIST_KEY_UIApplicationSupportsIndirectInputEvents = YES;
				INFOPLIST_KEY_UILaunchStoryboardName = LaunchScreen;
				INFOPLIST_KEY_UIMainStoryboardFile = "";
				INFOPLIST_KEY_UISupportedInterfaceOrientations_iPad = "UIInterfaceOrientationPortrait UIInterfaceOrientationPortraitUpsideDown UIInterfaceOrientationLandscapeLeft UIInterfaceOrientationLandscapeRight";
				INFOPLIST_KEY_UISupportedInterfaceOrientations_iPhone = "UIInterfaceOrientationPortrait UIInterfaceOrientationLandscapeLeft UIInterfaceOrientationLandscapeRight";
				LD_RUNPATH_SEARCH_PATHS = (
					"$(inherited)",
					"@executable_path/Frameworks",
				);
				MARKETING_VERSION = 1.0;
				PRODUCT_BUNDLE_IDENTIFIER = com.kous92.SuperNewsV2UIKit;
				PRODUCT_NAME = "$(TARGET_NAME)";
				SWIFT_EMIT_LOC_STRINGS = YES;
				SWIFT_VERSION = 5.0;
				TARGETED_DEVICE_FAMILY = "1,2";
			};
			name = Release;
		};
/* End XCBuildConfiguration section */

/* Begin XCConfigurationList section */
		4BA595BA29E6D506006B9460 /* Build configuration list for PBXNativeTarget "SuperNewsV2UIKitTests" */ = {
			isa = XCConfigurationList;
			buildConfigurations = (
				4BA595BB29E6D506006B9460 /* Debug */,
				4BA595BC29E6D506006B9460 /* Release */,
			);
			defaultConfigurationIsVisible = 0;
			defaultConfigurationName = Release;
		};
		4BD88CA929E6BAAD000369DE /* Build configuration list for PBXProject "SuperNewsV2UIKit" */ = {
			isa = XCConfigurationList;
			buildConfigurations = (
				4BD88CD629E6BAAF000369DE /* Debug */,
				4BD88CD729E6BAAF000369DE /* Release */,
			);
			defaultConfigurationIsVisible = 0;
			defaultConfigurationName = Release;
		};
		4BD88CD829E6BAAF000369DE /* Build configuration list for PBXNativeTarget "SuperNewsV2UIKit" */ = {
			isa = XCConfigurationList;
			buildConfigurations = (
				4BD88CD929E6BAAF000369DE /* Debug */,
				4BD88CDA29E6BAAF000369DE /* Release */,
			);
			defaultConfigurationIsVisible = 0;
			defaultConfigurationName = Release;
		};
/* End XCConfigurationList section */

/* Begin XCRemoteSwiftPackageReference section */
		4B64685329E6ED1F00F35682 /* XCRemoteSwiftPackageReference "Kingfisher" */ = {
			isa = XCRemoteSwiftPackageReference;
			repositoryURL = "https://github.com/onevcat/Kingfisher";
			requirement = {
				kind = upToNextMajorVersion;
				minimumVersion = 7.0.0;
			};
		};
		4B64685629E6ED7200F35682 /* XCRemoteSwiftPackageReference "Alamofire" */ = {
			isa = XCRemoteSwiftPackageReference;
			repositoryURL = "https://github.com/Alamofire/Alamofire";
			requirement = {
				kind = upToNextMajorVersion;
				minimumVersion = 5.0.0;
			};
		};
		4B64685929E6EDF700F35682 /* XCRemoteSwiftPackageReference "SnapKit" */ = {
			isa = XCRemoteSwiftPackageReference;
			repositoryURL = "https://github.com/SnapKit/SnapKit.git";
			requirement = {
				kind = upToNextMajorVersion;
				minimumVersion = 5.0.0;
			};
		};
/* End XCRemoteSwiftPackageReference section */

/* Begin XCSwiftPackageProductDependency section */
		4B64685429E6ED1F00F35682 /* Kingfisher */ = {
			isa = XCSwiftPackageProductDependency;
			package = 4B64685329E6ED1F00F35682 /* XCRemoteSwiftPackageReference "Kingfisher" */;
			productName = Kingfisher;
		};
		4B64685729E6ED7200F35682 /* Alamofire */ = {
			isa = XCSwiftPackageProductDependency;
			package = 4B64685629E6ED7200F35682 /* XCRemoteSwiftPackageReference "Alamofire" */;
			productName = Alamofire;
		};
		4B64685A29E6EDF700F35682 /* SnapKit */ = {
			isa = XCSwiftPackageProductDependency;
			package = 4B64685929E6EDF700F35682 /* XCRemoteSwiftPackageReference "SnapKit" */;
			productName = SnapKit;
		};
/* End XCSwiftPackageProductDependency section */
	};
	rootObject = 4BD88CA629E6BAAD000369DE /* Project object */;
}
